
Microsoft Visual Studio Solution File, Format Version 12.00
# Visual Studio Version 16
VisualStudioVersion = 16.0.34301.259
MinimumVisualStudioVersion = 10.0.40219.1
Project("{FAE04EC0-301F-11D3-BF4B-00C04F79EFBC}") = "1038_Lanche", "1038_Lanche\1038_Lanche.csproj", "{396900ED-404B-4794-84E6-FC504096C77D}"
EndProject
Global
	GlobalSection(SolutionConfigurationPlatforms) = preSolution
		Debug|Any CPU = Debug|Any CPU
		Release|Any CPU = Release|Any CPU
	EndGlobalSection
	GlobalSection(ProjectConfigurationPlatforms) = postSolution
		{396900ED-404B-4794-84E6-FC504096C77D}.Debug|Any CPU.ActiveCfg = Debug|Any CPU
		{396900ED-404B-4794-84E6-FC504096C77D}.Debug|Any CPU.Build.0 = Debug|Any CPU
		{396900ED-404B-4794-84E6-FC504096C77D}.Release|Any CPU.ActiveCfg = Release|Any CPU
		{396900ED-404B-4794-84E6-FC504096C77D}.Release|Any CPU.Build.0 = Release|Any CPU
	EndGlobalSection
	GlobalSection(SolutionProperties) = preSolution
		HideSolutionNode = FALSE
	EndGlobalSection
	GlobalSection(ExtensibilityGlobals) = postSolution
		SolutionGuid = {74DF8C10-D0FB-4524-AE1D-84E561B3C092}
	EndGlobalSection
EndGlobal
